
Microsoft Visual Studio Solution File, Format Version 12.00
# Visual Studio Version 17
VisualStudioVersion = 17.2.32505.173
MinimumVisualStudioVersion = 10.0.40219.1
Project("{2150E333-8FDC-42A3-9474-1A3956D46DE8}") = ".Tools", ".Tools", "{B1E11099-9EDD-47BB-82EC-A0F80D27A6C5}"
	ProjectSection(SolutionItems) = preProject
		.Tools\.gitignore = .Tools\.gitignore
	EndProjectSection
EndProject
Project("{2150E333-8FDC-42A3-9474-1A3956D46DE8}") = "UI", "UI", "{3837EA6E-4BF6-440F-AF00-20D0B93A318C}"
EndProject
Project("{2150E333-8FDC-42A3-9474-1A3956D46DE8}") = "Data", "Data", "{4E9EBA90-F769-4ED0-8B88-1761C6B1B6E1}"
EndProject
Project("{2150E333-8FDC-42A3-9474-1A3956D46DE8}") = "Common", "Common", "{1F9946EA-9E12-4E3D-8450-BE105525D95D}"
EndProject
Project("{9A19103F-16F7-4668-BE54-9A1E7A4F7556}") = "WebStore.Domain", "Common\WebStore.Domain\WebStore.Domain.csproj", "{8F677561-3C00-410D-90F4-FA248453566C}"
EndProject
Project("{9A19103F-16F7-4668-BE54-9A1E7A4F7556}") = "WebStore.DAL.Sqlite", "Data\WebStore.DAL.Sqlite\WebStore.DAL.Sqlite.csproj", "{5B5A20EA-92C0-4BCE-ABB7-21B946D6B3B1}"
EndProject
Project("{9A19103F-16F7-4668-BE54-9A1E7A4F7556}") = "WebStore.DAL", "Data\WebStore.DAL\WebStore.DAL.csproj", "{27736D13-119A-4B61-82F8-8E40B9A87556}"
EndProject
Project("{9A19103F-16F7-4668-BE54-9A1E7A4F7556}") = "WebStore", "UI\WebStore\WebStore.csproj", "{7F65CF25-C213-46DC-9B92-536FBDE81DE3}"
EndProject
Project("{2150E333-8FDC-42A3-9474-1A3956D46DE8}") = "Services", "Services", "{52D0744B-7E17-418B-BE84-F0B04CEE50A2}"
EndProject
Project("{9A19103F-16F7-4668-BE54-9A1E7A4F7556}") = "WebStore.Interfaces", "Services\WebStore.Interfaces\WebStore.Interfaces.csproj", "{43374433-DE66-4DC4-AC73-D92D22B4681F}"
EndProject
Project("{9A19103F-16F7-4668-BE54-9A1E7A4F7556}") = "WebStore.Services", "Services\WebStore.Services\WebStore.Services.csproj", "{EAFB21AD-95EC-4346-9B0A-60D7C3B922AD}"
EndProject
Project("{FAE04EC0-301F-11D3-BF4B-00C04F79EFBC}") = "WebStore.WebAPI", "WebStore.WebAPI\WebStore.WebAPI.csproj", "{812FC050-8809-41FF-BF91-3F3C4004C59E}"
EndProject
Global
	GlobalSection(SolutionConfigurationPlatforms) = preSolution
		Debug|Any CPU = Debug|Any CPU
		Release|Any CPU = Release|Any CPU
	EndGlobalSection
	GlobalSection(ProjectConfigurationPlatforms) = postSolution
		{8F677561-3C00-410D-90F4-FA248453566C}.Debug|Any CPU.ActiveCfg = Debug|Any CPU
		{8F677561-3C00-410D-90F4-FA248453566C}.Debug|Any CPU.Build.0 = Debug|Any CPU
		{8F677561-3C00-410D-90F4-FA248453566C}.Release|Any CPU.ActiveCfg = Release|Any CPU
		{8F677561-3C00-410D-90F4-FA248453566C}.Release|Any CPU.Build.0 = Release|Any CPU
		{5B5A20EA-92C0-4BCE-ABB7-21B946D6B3B1}.Debug|Any CPU.ActiveCfg = Debug|Any CPU
		{5B5A20EA-92C0-4BCE-ABB7-21B946D6B3B1}.Debug|Any CPU.Build.0 = Debug|Any CPU
		{5B5A20EA-92C0-4BCE-ABB7-21B946D6B3B1}.Release|Any CPU.ActiveCfg = Release|Any CPU
		{5B5A20EA-92C0-4BCE-ABB7-21B946D6B3B1}.Release|Any CPU.Build.0 = Release|Any CPU
		{27736D13-119A-4B61-82F8-8E40B9A87556}.Debug|Any CPU.ActiveCfg = Debug|Any CPU
		{27736D13-119A-4B61-82F8-8E40B9A87556}.Debug|Any CPU.Build.0 = Debug|Any CPU
		{27736D13-119A-4B61-82F8-8E40B9A87556}.Release|Any CPU.ActiveCfg = Release|Any CPU
		{27736D13-119A-4B61-82F8-8E40B9A87556}.Release|Any CPU.Build.0 = Release|Any CPU
		{7F65CF25-C213-46DC-9B92-536FBDE81DE3}.Debug|Any CPU.ActiveCfg = Debug|Any CPU
		{7F65CF25-C213-46DC-9B92-536FBDE81DE3}.Debug|Any CPU.Build.0 = Debug|Any CPU
		{7F65CF25-C213-46DC-9B92-536FBDE81DE3}.Release|Any CPU.ActiveCfg = Release|Any CPU
		{7F65CF25-C213-46DC-9B92-536FBDE81DE3}.Release|Any CPU.Build.0 = Release|Any CPU
		{43374433-DE66-4DC4-AC73-D92D22B4681F}.Debug|Any CPU.ActiveCfg = Debug|Any CPU
		{43374433-DE66-4DC4-AC73-D92D22B4681F}.Debug|Any CPU.Build.0 = Debug|Any CPU
		{43374433-DE66-4DC4-AC73-D92D22B4681F}.Release|Any CPU.ActiveCfg = Release|Any CPU
		{43374433-DE66-4DC4-AC73-D92D22B4681F}.Release|Any CPU.Build.0 = Release|Any CPU
		{EAFB21AD-95EC-4346-9B0A-60D7C3B922AD}.Debug|Any CPU.ActiveCfg = Debug|Any CPU
		{EAFB21AD-95EC-4346-9B0A-60D7C3B922AD}.Debug|Any CPU.Build.0 = Debug|Any CPU
		{EAFB21AD-95EC-4346-9B0A-60D7C3B922AD}.Release|Any CPU.ActiveCfg = Release|Any CPU
		{EAFB21AD-95EC-4346-9B0A-60D7C3B922AD}.Release|Any CPU.Build.0 = Release|Any CPU
		{812FC050-8809-41FF-BF91-3F3C4004C59E}.Debug|Any CPU.ActiveCfg = Debug|Any CPU
		{812FC050-8809-41FF-BF91-3F3C4004C59E}.Debug|Any CPU.Build.0 = Debug|Any CPU
		{812FC050-8809-41FF-BF91-3F3C4004C59E}.Release|Any CPU.ActiveCfg = Release|Any CPU
		{812FC050-8809-41FF-BF91-3F3C4004C59E}.Release|Any CPU.Build.0 = Release|Any CPU
	EndGlobalSection
	GlobalSection(SolutionProperties) = preSolution
		HideSolutionNode = FALSE
	EndGlobalSection
	GlobalSection(NestedProjects) = preSolution
		{8F677561-3C00-410D-90F4-FA248453566C} = {1F9946EA-9E12-4E3D-8450-BE105525D95D}
		{5B5A20EA-92C0-4BCE-ABB7-21B946D6B3B1} = {4E9EBA90-F769-4ED0-8B88-1761C6B1B6E1}
		{27736D13-119A-4B61-82F8-8E40B9A87556} = {4E9EBA90-F769-4ED0-8B88-1761C6B1B6E1}
		{7F65CF25-C213-46DC-9B92-536FBDE81DE3} = {3837EA6E-4BF6-440F-AF00-20D0B93A318C}
		{43374433-DE66-4DC4-AC73-D92D22B4681F} = {52D0744B-7E17-418B-BE84-F0B04CEE50A2}
		{EAFB21AD-95EC-4346-9B0A-60D7C3B922AD} = {52D0744B-7E17-418B-BE84-F0B04CEE50A2}
		{812FC050-8809-41FF-BF91-3F3C4004C59E} = {52D0744B-7E17-418B-BE84-F0B04CEE50A2}
	EndGlobalSection
	GlobalSection(ExtensibilityGlobals) = postSolution
		SolutionGuid = {64F593E4-E3ED-44B5-A0B1-27ECA56D6851}
	EndGlobalSection
EndGlobal
